dependencies:
  espressif/cjson:
    component_hash: 9372811fb197926f522c467627cf4a8e72b681e0366e17879631da801103aef3
    dependencies:
    - name: idf
      require: private
      version: '>=5.0'
    source:
      registry_url: https://components.espressif.com/
      type: service
    version: 1.7.19
  espressif/esp_lcd_touch:
    component_hash: 779b4ba2464a3ae85681e4b860caa5fdc35801458c23f3039ee761bae7f442a4
    dependencies:
    - name: idf
      require: private
      version: '>=4.4.2'
    source:
      registry_url: https://components.espressif.com
      type: service
    version: 1.1.2
  espressif/esp_lcd_touch_cst816s:
    component_hash: 51dfa9cee38d8a20f4b625d7f89120dff08c8557e613e09dfb31f53d48648235
    dependencies:
    - name: espressif/esp_lcd_touch
      registry_url: https://components.espressif.com
      require: public
      version: ^1.0.4
    - name: idf
      require: private
      version: '>=4.4.2'
    source:
      registry_url: https://components.espressif.com/
      type: service
    version: 1.1.0
  espressif/esp_tinyusb:
    component_hash: 6f1f0c140990bf27a86611e3c1f47f9fa8468bffc3bf1eb6d551cb09f31f8908
    dependencies:
    - name: idf
      require: private
      version: '>=5.0'
    - name: espressif/tinyusb
      registry_url: https://components.espressif.com
      require: public
      version: '>=0.17.0~2'
    source:
      registry_url: https://components.espressif.com/
      type: service
    targets:
    - esp32s2
    - esp32s3
    - esp32p4
    - esp32h4
    version: 2.0.1~1
  espressif/tinyusb:
    component_hash: 7fa5016d792d8e4025a8352b4fd4af7c124947647037e9d2449c9e0b47fdf663
    dependencies:
    - name: idf
      require: private
      version: '>=5.0'
    source:
      registry_url: https://components.espressif.com
      type: service
    targets:
    - esp32s2
    - esp32s3
    - esp32p4
    - esp32h4
    version: 0.18.0~6
  idf:
    source:
      type: idf
    version: 5.5.1
  lvgl/lvgl:
    component_hash: d7c1ac037ae6e85d94897f807d6e7ba0946a83e720074fc95a4f6241da9f9f53
    dependencies: []
    source:
      registry_url: https://components.espressif.com/
      type: service
    version: 8.4.0
direct_dependencies:
- espressif/cjson
- espressif/esp_lcd_touch_cst816s
- espressif/esp_tinyusb
- idf
- lvgl/lvgl
manifest_hash: 4fe5f1438e2a204dd9edc3b2fa6a254febc49cf851bd28e86b00c78446521b36
target: esp32s3
version: 2.0.0
